{"is_source_file": false, "format": "", "description": "", "external_files": [], "external_methods": [], "published": [], "classes": [], "methods": [], "calls": [], "search-terms": [], "state": 2, "file_id": 14, "knowledge_revision": 27, "git_revision": "c4ab5d1ee68b47e295fc7f99cbe8ee03feb83f2d", "filename": "/home/kavia/workspace/code-generation/snakes-and-ladders-adventure-93507-93521/main_container_for_snakes_and_ladders_adventure/post_process_status.lock", "hash": "9c4ed7ef73e22b872b8055bec08b8979", "format-version": 4, "code-base-name": "default", "revision_history": [{"27": "c4ab5d1ee68b47e295fc7f99cbe8ee03feb83f2d"}]}